
Microsoft Visual Studio Solution File, Format Version 12.00
# Visual Studio 15
VisualStudioVersion = 15.0.27428.1
MinimumVisualStudioVersion = 10.0.40219.1
Project("{FAE04EC0-301F-11D3-BF4B-00C04F79EFBC}") = "FormWeb", "FormWeb\FormWeb.csproj", "{A7C28868-21CC-48C5-A6EF-A9511A43D115}"
EndProject
Global
	GlobalSection(SolutionConfigurationPlatforms) = preSolution
		Debug|Any CPU = Debug|Any CPU
		Release|Any CPU = Release|Any CPU
	EndGlobalSection
	GlobalSection(ProjectConfigurationPlatforms) = postSolution
		{A7C28868-21CC-48C5-A6EF-A9511A43D115}.Debug|Any CPU.ActiveCfg = Debug|Any CPU
		{A7C28868-21CC-48C5-A6EF-A9511A43D115}.Debug|Any CPU.Build.0 = Debug|Any CPU
		{A7C28868-21CC-48C5-A6EF-A9511A43D115}.Release|Any CPU.ActiveCfg = Release|Any CPU
		{A7C28868-21CC-48C5-A6EF-A9511A43D115}.Release|Any CPU.Build.0 = Release|Any CPU
	EndGlobalSection
	GlobalSection(SolutionProperties) = preSolution
		HideSolutionNode = FALSE
	EndGlobalSection
	GlobalSection(ExtensibilityGlobals) = postSolution
		SolutionGuid = {17314D55-93C0-43F6-B23A-1FC15E7C5312}
	EndGlobalSection
EndGlobal
